
Microsoft Visual Studio Solution File, Format Version 12.00
# Visual Studio Version 16
VisualStudioVersion = 16.0.30320.27
MinimumVisualStudioVersion = 10.0.40219.1
Project("{FAE04EC0-301F-11D3-BF4B-00C04F79EFBC}") = "LAB_11_5", "LAB_11_5.csproj", "{EE7392B5-06D8-4E05-86F2-DA0FBE9AD6F4}"
EndProject
Global
	GlobalSection(SolutionConfigurationPlatforms) = preSolution
		Debug|Any CPU = Debug|Any CPU
		Release|Any CPU = Release|Any CPU
	EndGlobalSection
	GlobalSection(ProjectConfigurationPlatforms) = postSolution
		{EE7392B5-06D8-4E05-86F2-DA0FBE9AD6F4}.Debug|Any CPU.ActiveCfg = Debug|Any CPU
		{EE7392B5-06D8-4E05-86F2-DA0FBE9AD6F4}.Debug|Any CPU.Build.0 = Debug|Any CPU
		{EE7392B5-06D8-4E05-86F2-DA0FBE9AD6F4}.Release|Any CPU.ActiveCfg = Release|Any CPU
		{EE7392B5-06D8-4E05-86F2-DA0FBE9AD6F4}.Release|Any CPU.Build.0 = Release|Any CPU
	EndGlobalSection
	GlobalSection(SolutionProperties) = preSolution
		HideSolutionNode = FALSE
	EndGlobalSection
	GlobalSection(ExtensibilityGlobals) = postSolution
		SolutionGuid = {D3BD8F80-5400-4BAD-8C5C-A9FC94B65FBE}
	EndGlobalSection
EndGlobal
